
Microsoft Visual Studio Solution File, Format Version 12.00
# Visual Studio Version 16
VisualStudioVersion = 16.0.34031.81
MinimumVisualStudioVersion = 10.0.40219.1
Project("{E24C65DC-7377-472B-9ABA-BC803B73C61A}") = "MapeadorDeOcorrencia", "MapeadorDeOcorrencia\", "{23DAE97D-54AB-43EE-A9E2-5EEE02053B53}"
	ProjectSection(WebsiteProperties) = preProject
		TargetFrameworkMoniker = ".NETFramework,Version%3Dv4.7.2"
		Debug.AspNetCompiler.VirtualPath = "/localhost_61321"
		Debug.AspNetCompiler.PhysicalPath = "MapeadorDeOcorrencia\"
		Debug.AspNetCompiler.TargetPath = "PrecompiledWeb\localhost_61321\"
		Debug.AspNetCompiler.Updateable = "true"
		Debug.AspNetCompiler.ForceOverwrite = "true"
		Debug.AspNetCompiler.FixedNames = "false"
		Debug.AspNetCompiler.Debug = "True"
		Release.AspNetCompiler.VirtualPath = "/localhost_61321"
		Release.AspNetCompiler.PhysicalPath = "MapeadorDeOcorrencia\"
		Release.AspNetCompiler.TargetPath = "PrecompiledWeb\localhost_61321\"
		Release.AspNetCompiler.Updateable = "true"
		Release.AspNetCompiler.ForceOverwrite = "true"
		Release.AspNetCompiler.FixedNames = "false"
		Release.AspNetCompiler.Debug = "False"
		VWDPort = "61321"
		SlnRelativePath = "MapeadorDeOcorrencia\"
		DefaultWebSiteLanguage = "Visual C#"
	EndProjectSection
EndProject
Global
	GlobalSection(SolutionConfigurationPlatforms) = preSolution
		Debug|Any CPU = Debug|Any CPU
	EndGlobalSection
	GlobalSection(ProjectConfigurationPlatforms) = postSolution
		{23DAE97D-54AB-43EE-A9E2-5EEE02053B53}.Debug|Any CPU.ActiveCfg = Debug|Any CPU
		{23DAE97D-54AB-43EE-A9E2-5EEE02053B53}.Debug|Any CPU.Build.0 = Debug|Any CPU
	EndGlobalSection
	GlobalSection(SolutionProperties) = preSolution
		HideSolutionNode = FALSE
	EndGlobalSection
	GlobalSection(ExtensibilityGlobals) = postSolution
		SolutionGuid = {EC3B1EB8-75BE-4C20-A8B2-116A047B863A}
	EndGlobalSection
EndGlobal
